
Microsoft Visual Studio Solution File, Format Version 12.00
# Visual Studio Version 17
VisualStudioVersion = 17.11.35312.102
MinimumVisualStudioVersion = 10.0.40219.1
Project("{FAE04EC0-301F-11D3-BF4B-00C04F79EFBC}") = "LibraCore", "LibraCore\LibraCore.csproj", "{72AA7742-4FB0-4AB6-9C14-FBF7E7302237}"
EndProject
Global
	GlobalSection(SolutionConfigurationPlatforms) = preSolution
		Debug|Any CPU = Debug|Any CPU
		Release|Any CPU = Release|Any CPU
	EndGlobalSection
	GlobalSection(ProjectConfigurationPlatforms) = postSolution
		{72AA7742-4FB0-4AB6-9C14-FBF7E7302237}.Debug|Any CPU.ActiveCfg = Debug|Any CPU
		{72AA7742-4FB0-4AB6-9C14-FBF7E7302237}.Debug|Any CPU.Build.0 = Debug|Any CPU
		{72AA7742-4FB0-4AB6-9C14-FBF7E7302237}.Release|Any CPU.ActiveCfg = Release|Any CPU
		{72AA7742-4FB0-4AB6-9C14-FBF7E7302237}.Release|Any CPU.Build.0 = Release|Any CPU
	EndGlobalSection
	GlobalSection(SolutionProperties) = preSolution
		HideSolutionNode = FALSE
	EndGlobalSection
	GlobalSection(ExtensibilityGlobals) = postSolution
		SolutionGuid = {8A9BB2AB-2223-43B4-9C06-5D4D38FE9572}
	EndGlobalSection
EndGlobal
